{
  "lockfile_version": "1",
  "packages": {
    "age@1.2": {
      "last_modified": "2025-07-28T17:09:23Z",
      "resolved": "github:NixOS/nixpkgs/648f70160c03151bc2121d179291337ad6bc564b#age",
      "source": "devbox-search",
      "version": "1.2.1",
      "systems": {
        "aarch64-darwin": {
          "outputs": [
            {
              "name": "out",
              "path": "/nix/store/jqwrv77x8mz79i7bw09vsy6iwx07ihma-age-1.2.1",
              "default": true
            }
          ],
          "store_path": "/nix/store/jqwrv77x8mz79i7bw09vsy6iwx07ihma-age-1.2.1"
        },
        "aarch64-linux": {
          "outputs": [
            {
              "name": "out",
              "path": "/nix/store/kcl5nz5yisy6d2nijc4k4sbkbb6wgq2y-age-1.2.1",
              "default": true
            }
          ],
          "store_path": "/nix/store/kcl5nz5yisy6d2nijc4k4sbkbb6wgq2y-age-1.2.1"
        },
        "x86_64-darwin": {
          "outputs": [
            {
              "name": "out",
              "path": "/nix/store/h4qkn2fmr77bwxdz620yjzhy6q9bqfwk-age-1.2.1",
              "default": true
            }
          ],
          "store_path": "/nix/store/h4qkn2fmr77bwxdz620yjzhy6q9bqfwk-age-1.2.1"
        },
        "x86_64-linux": {
          "outputs": [
            {
              "name": "out",
              "path": "/nix/store/kz11gvc49kmd1wgf0w3mnx0cwgpfgv6w-age-1.2.1",
              "default": true
            }
          ],
          "store_path": "/nix/store/kz11gvc49kmd1wgf0w3mnx0cwgpfgv6w-age-1.2.1"
        }
      }
    },
    "fluxcd@2.4.0": {
      "last_modified": "2025-02-23T09:42:26Z",
      "resolved": "github:NixOS/nixpkgs/2d068ae5c6516b2d04562de50a58c682540de9bf#fluxcd",
      "source": "devbox-search",
      "version": "2.4.0",
      "systems": {
        "aarch64-darwin": {
          "outputs": [
            {
              "name": "out",
              "path": "/nix/store/96ddhiw3zrlg4pka34kv099lh0yb1a3r-fluxcd-2.4.0",
              "default": true
            }
          ],
          "store_path": "/nix/store/96ddhiw3zrlg4pka34kv099lh0yb1a3r-fluxcd-2.4.0"
        },
        "aarch64-linux": {
          "outputs": [
            {
              "name": "out",
              "path": "/nix/store/3rwhgf4ybjp45yxppbcj73kd34hwh82p-fluxcd-2.4.0",
              "default": true
            }
          ],
          "store_path": "/nix/store/3rwhgf4ybjp45yxppbcj73kd34hwh82p-fluxcd-2.4.0"
        },
        "x86_64-darwin": {
          "outputs": [
            {
              "name": "out",
              "path": "/nix/store/d26ffyc9f3dd48c7kihf28ffgkx06il8-fluxcd-2.4.0",
              "default": true
            }
          ],
          "store_path": "/nix/store/d26ffyc9f3dd48c7kihf28ffgkx06il8-fluxcd-2.4.0"
        },
        "x86_64-linux": {
          "outputs": [
            {
              "name": "out",
              "path": "/nix/store/lk3r0wg79g3sl07lx2mn817dzjdpykdd-fluxcd-2.4.0",
              "default": true
            }
          ],
          "store_path": "/nix/store/lk3r0wg79g3sl07lx2mn817dzjdpykdd-fluxcd-2.4.0"
        }
      }
    },
    "github:NixOS/nixpkgs/nixpkgs-unstable": {
      "last_modified": "2025-07-19T04:40:28Z",
      "resolved": "github:NixOS/nixpkgs/6b4955211758ba47fac850c040a27f23b9b4008f?lastModified=1752900028&narHash=sha256-dPALCtmik9Wr14MGqVXm%2BOQcv7vhPBXcWNIOThGnB%2FQ%3D"
    },
    "k9s@0.50.6": {
      "last_modified": "2025-06-20T02:24:11Z",
      "resolved": "github:NixOS/nixpkgs/076e8c6678d8c54204abcb4b1b14c366835a58bb#k9s",
      "source": "devbox-search",
      "version": "0.50.6",
      "systems": {
        "aarch64-darwin": {
          "outputs": [
            {
              "name": "out",
              "path": "/nix/store/ab3yk7jjbis2lvwr2vylh55yilvcyyss-k9s-0.50.6",
              "default": true
            }
          ],
          "store_path": "/nix/store/ab3yk7jjbis2lvwr2vylh55yilvcyyss-k9s-0.50.6"
        },
        "aarch64-linux": {
          "outputs": [
            {
              "name": "out",
              "path": "/nix/store/nwhn66gkma56l1ihc3f3c66s1pn2apvs-k9s-0.50.6",
              "default": true
            }
          ],
          "store_path": "/nix/store/nwhn66gkma56l1ihc3f3c66s1pn2apvs-k9s-0.50.6"
        },
        "x86_64-darwin": {
          "outputs": [
            {
              "name": "out",
              "path": "/nix/store/c2pzr4kc29pd8g70qymcy4adc9hp487c-k9s-0.50.6",
              "default": true
            }
          ],
          "store_path": "/nix/store/c2pzr4kc29pd8g70qymcy4adc9hp487c-k9s-0.50.6"
        },
        "x86_64-linux": {
          "outputs": [
            {
              "name": "out",
              "path": "/nix/store/czzciqk5nfmyjzq0ax7n6wvxv4z7q92z-k9s-0.50.6",
              "default": true
            }
          ],
          "store_path": "/nix/store/czzciqk5nfmyjzq0ax7n6wvxv4z7q92z-k9s-0.50.6"
        }
      }
    },
    "kubeconform@latest": {
      "last_modified": "2025-11-23T21:50:36Z",
      "resolved": "github:NixOS/nixpkgs/ee09932cedcef15aaf476f9343d1dea2cb77e261#kubeconform",
      "source": "devbox-search",
      "version": "0.7.0",
      "systems": {
        "aarch64-darwin": {
          "outputs": [
            {
              "name": "out",
              "path": "/nix/store/qg631z5dnxxhafkydmsbkzs10wv0ixqz-kubeconform-0.7.0",
              "default": true
            }
          ],
          "store_path": "/nix/store/qg631z5dnxxhafkydmsbkzs10wv0ixqz-kubeconform-0.7.0"
        },
        "aarch64-linux": {
          "outputs": [
            {
              "name": "out",
              "path": "/nix/store/zx29y7q7r01wzl2x8vji5qv8zamk8qi6-kubeconform-0.7.0",
              "default": true
            }
          ],
          "store_path": "/nix/store/zx29y7q7r01wzl2x8vji5qv8zamk8qi6-kubeconform-0.7.0"
        },
        "x86_64-darwin": {
          "outputs": [
            {
              "name": "out",
              "path": "/nix/store/9mxx67n9saxgqvibzizvbmj4gm3nh4li-kubeconform-0.7.0",
              "default": true
            }
          ],
          "store_path": "/nix/store/9mxx67n9saxgqvibzizvbmj4gm3nh4li-kubeconform-0.7.0"
        },
        "x86_64-linux": {
          "outputs": [
            {
              "name": "out",
              "path": "/nix/store/c7pxr2bwlr264rph1nwxwbavaji2iv4v-kubeconform-0.7.0",
              "default": true
            }
          ],
          "store_path": "/nix/store/c7pxr2bwlr264rph1nwxwbavaji2iv4v-kubeconform-0.7.0"
        }
      }
    },
    "kubectl@1.35.0": {
      "last_modified": "2026-01-09T13:41:53Z",
      "resolved": "github:NixOS/nixpkgs/5f02c91314c8ba4afe83b256b023756412218535#kubectl",
      "source": "devbox-search",
      "version": "1.35.0",
      "systems": {
        "aarch64-darwin": {
          "outputs": [
            {
              "name": "out",
              "path": "/nix/store/1pmn1vxfffzz5mxj3h0ijzpsynq50l5g-kubectl-1.35.0",
              "default": true
            },
            {
              "name": "man",
              "path": "/nix/store/hh6nircg2v5iickmqfyx469f69rj0kag-kubectl-1.35.0-man",
              "default": true
            },
            {
              "name": "convert",
              "path": "/nix/store/z72fbf5mxilrrlsfvdacxbw27k0gszdf-kubectl-1.35.0-convert"
            }
          ],
          "store_path": "/nix/store/1pmn1vxfffzz5mxj3h0ijzpsynq50l5g-kubectl-1.35.0"
        },
        "aarch64-linux": {
          "outputs": [
            {
              "name": "out",
              "path": "/nix/store/fj8rhz380v89c3mq3br9ipislabppj4c-kubectl-1.35.0",
              "default": true
            },
            {
              "name": "man",
              "path": "/nix/store/hawgdz85f9qq9nalyq4nbrjbjw1f3356-kubectl-1.35.0-man",
              "default": true
            },
            {
              "name": "convert",
              "path": "/nix/store/dv5kh8sv8q3kkzcw4lnbkknm2pzxv5ig-kubectl-1.35.0-convert"
            }
          ],
          "store_path": "/nix/store/fj8rhz380v89c3mq3br9ipislabppj4c-kubectl-1.35.0"
        },
        "x86_64-darwin": {
          "outputs": [
            {
              "name": "out",
              "path": "/nix/store/d3gm9hvgbdhin2jh7nd8gwrf90jlmsw7-kubectl-1.35.0",
              "default": true
            },
            {
              "name": "man",
              "path": "/nix/store/za9ay0cna5hcqqmdk0flwinkd882997n-kubectl-1.35.0-man",
              "default": true
            },
            {
              "name": "convert",
              "path": "/nix/store/5r5vrq35nbcp8wgflvwmigvr6iqx85n5-kubectl-1.35.0-convert"
            }
          ],
          "store_path": "/nix/store/d3gm9hvgbdhin2jh7nd8gwrf90jlmsw7-kubectl-1.35.0"
        },
        "x86_64-linux": {
          "outputs": [
            {
              "name": "out",
              "path": "/nix/store/bbnq3nrmlhq0yjfhw84ciscpbr6hsb3b-kubectl-1.35.0",
              "default": true
            },
            {
              "name": "man",
              "path": "/nix/store/mnm7km6ik2x0pfhnylfm06vgxqvc78k0-kubectl-1.35.0-man",
              "default": true
            },
            {
              "name": "convert",
              "path": "/nix/store/c88x5qq16ih9i7iv4zyx81w2zijqzmlf-kubectl-1.35.0-convert"
            }
          ],
          "store_path": "/nix/store/bbnq3nrmlhq0yjfhw84ciscpbr6hsb3b-kubectl-1.35.0"
        }
      }
    },
    "kubernetes-helm-wrapped@3.17.1": {
      "last_modified": "2025-03-11T17:52:14Z",
      "resolved": "github:NixOS/nixpkgs/0d534853a55b5d02a4ababa1d71921ce8f0aee4c#kubernetes-helm-wrapped",
      "source": "devbox-search",
      "version": "3.17.1",
      "systems": {
        "aarch64-darwin": {
          "outputs": [
            {
              "name": "out",
              "path": "/nix/store/s4cfbfwvzf5d83z1gd7yjz9bsj7wmhic-helm-3.17.1",
              "default": true
            }
          ],
          "store_path": "/nix/store/s4cfbfwvzf5d83z1gd7yjz9bsj7wmhic-helm-3.17.1"
        },
        "aarch64-linux": {
          "outputs": [
            {
              "name": "out",
              "path": "/nix/store/dyik28ga8n7f2cb0idvhmzfrwy4icsjn-helm-3.17.1",
              "default": true
            }
          ],
          "store_path": "/nix/store/dyik28ga8n7f2cb0idvhmzfrwy4icsjn-helm-3.17.1"
        },
        "x86_64-darwin": {
          "outputs": [
            {
              "name": "out",
              "path": "/nix/store/47w47g7nfw6cqv1x6bjx9f70x0fsrbs8-helm-3.17.1",
              "default": true
            }
          ],
          "store_path": "/nix/store/47w47g7nfw6cqv1x6bjx9f70x0fsrbs8-helm-3.17.1"
        },
        "x86_64-linux": {
          "outputs": [
            {
              "name": "out",
              "path": "/nix/store/rdmmnlgdz297npsmgrgfsdisrcjdkkc2-helm-3.17.1",
              "default": true
            }
          ],
          "store_path": "/nix/store/rdmmnlgdz297npsmgrgfsdisrcjdkkc2-helm-3.17.1"
        }
      }
    },
    "kustomize@5.6.0": {
      "last_modified": "2025-06-20T02:24:11Z",
      "resolved": "github:NixOS/nixpkgs/076e8c6678d8c54204abcb4b1b14c366835a58bb#kustomize",
      "source": "devbox-search",
      "version": "5.6.0",
      "systems": {
        "aarch64-darwin": {
          "outputs": [
            {
              "name": "out",
              "path": "/nix/store/j3fhq0sjgibzg128f55sa7yyxs26qiik-kustomize-5.6.0",
              "default": true
            }
          ],
          "store_path": "/nix/store/j3fhq0sjgibzg128f55sa7yyxs26qiik-kustomize-5.6.0"
        },
        "aarch64-linux": {
          "outputs": [
            {
              "name": "out",
              "path": "/nix/store/li5cccrjxgig3jqaycrrbzs7n6xwvpqp-kustomize-5.6.0",
              "default": true
            }
          ],
          "store_path": "/nix/store/li5cccrjxgig3jqaycrrbzs7n6xwvpqp-kustomize-5.6.0"
        },
        "x86_64-darwin": {
          "outputs": [
            {
              "name": "out",
              "path": "/nix/store/3sa5673n6ah9fry8yzz94fscqjk8xxb4-kustomize-5.6.0",
              "default": true
            }
          ],
          "store_path": "/nix/store/3sa5673n6ah9fry8yzz94fscqjk8xxb4-kustomize-5.6.0"
        },
        "x86_64-linux": {
          "outputs": [
            {
              "name": "out",
              "path": "/nix/store/vkaya31s09dj8xyy9xyrjqwgaixjq160-kustomize-5.6.0",
              "default": true
            }
          ],
          "store_path": "/nix/store/vkaya31s09dj8xyy9xyrjqwgaixjq160-kustomize-5.6.0"
        }
      }
    },
    "lychee@0.21": {
      "last_modified": "2025-11-23T21:50:36Z",
      "resolved": "github:NixOS/nixpkgs/ee09932cedcef15aaf476f9343d1dea2cb77e261#lychee",
      "source": "devbox-search",
      "version": "0.21.0",
      "systems": {
        "aarch64-darwin": {
          "outputs": [
            {
              "name": "out",
              "path": "/nix/store/phm93lmlcjbb01qpv5cick89p37ha9lh-lychee-0.21.0",
              "default": true
            }
          ],
          "store_path": "/nix/store/phm93lmlcjbb01qpv5cick89p37ha9lh-lychee-0.21.0"
        },
        "aarch64-linux": {
          "outputs": [
            {
              "name": "out",
              "path": "/nix/store/i4bl6p8jp741aqm2jmyyb8wpbaajcwh2-lychee-0.21.0",
              "default": true
            }
          ],
          "store_path": "/nix/store/i4bl6p8jp741aqm2jmyyb8wpbaajcwh2-lychee-0.21.0"
        },
        "x86_64-darwin": {
          "outputs": [
            {
              "name": "out",
              "path": "/nix/store/xrl8m2iaq90aii59j4303gca6qjk4fby-lychee-0.21.0",
              "default": true
            }
          ],
          "store_path": "/nix/store/xrl8m2iaq90aii59j4303gca6qjk4fby-lychee-0.21.0"
        },
        "x86_64-linux": {
          "outputs": [
            {
              "name": "out",
              "path": "/nix/store/cjhqaadzg1h930wax8ps287qr4w1y3qd-lychee-0.21.0",
              "default": true
            }
          ],
          "store_path": "/nix/store/cjhqaadzg1h930wax8ps287qr4w1y3qd-lychee-0.21.0"
        }
      }
    },
    "oci-cli@3.14.0": {
      "last_modified": "2025-02-07T11:26:36Z",
      "resolved": "github:NixOS/nixpkgs/d98abf5cf5914e5e4e9d57205e3af55ca90ffc1d#oci-cli",
      "source": "devbox-search",
      "version": "3.14.0",
      "systems": {
        "aarch64-darwin": {
          "outputs": [
            {
              "name": "out",
              "path": "/nix/store/z6hglzsy36bz76b42fxhk12aaq89g5hy-oci-cli-3.14.0",
              "default": true
            },
            {
              "name": "dist",
              "path": "/nix/store/f64qiacgrhq1yz5gh0hgnn4xai1phid4-oci-cli-3.14.0-dist"
            }
          ],
          "store_path": "/nix/store/z6hglzsy36bz76b42fxhk12aaq89g5hy-oci-cli-3.14.0"
        },
        "aarch64-linux": {
          "outputs": [
            {
              "name": "out",
              "path": "/nix/store/q24mphz3hha22jmp3jci6g2gs15vrp17-oci-cli-3.14.0",
              "default": true
            },
            {
              "name": "dist",
              "path": "/nix/store/r7vi1zzamxdi263bj3yn97pvb7i2s18x-oci-cli-3.14.0-dist"
            }
          ],
          "store_path": "/nix/store/q24mphz3hha22jmp3jci6g2gs15vrp17-oci-cli-3.14.0"
        },
        "x86_64-darwin": {
          "outputs": [
            {
              "name": "out",
              "path": "/nix/store/3gq9w7p9m2naiqifn08pikqrr9cwqzkz-oci-cli-3.14.0",
              "default": true
            },
            {
              "name": "dist",
              "path": "/nix/store/c6vyf56yanfgjs8xdndxh06hlp3nhl6k-oci-cli-3.14.0-dist"
            }
          ],
          "store_path": "/nix/store/3gq9w7p9m2naiqifn08pikqrr9cwqzkz-oci-cli-3.14.0"
        },
        "x86_64-linux": {
          "outputs": [
            {
              "name": "out",
              "path": "/nix/store/62ly5mv3jhpjl9d97nyap4dvn5fsz4fl-oci-cli-3.14.0",
              "default": true
            },
            {
              "name": "dist",
              "path": "/nix/store/cmxx4bq75r2nr89pmx00fvhy19iwf2vc-oci-cli-3.14.0-dist"
            }
          ],
          "store_path": "/nix/store/62ly5mv3jhpjl9d97nyap4dvn5fsz4fl-oci-cli-3.14.0"
        }
      }
    },
    "pre-commit@4.0.1": {
      "last_modified": "2025-05-28T04:23:31Z",
      "resolved": "github:NixOS/nixpkgs/3d1f29646e4b57ed468d60f9d286cde23a8d1707#pre-commit",
      "source": "devbox-search",
      "version": "4.0.1",
      "systems": {
        "aarch64-darwin": {
          "outputs": [
            {
              "name": "out",
              "path": "/nix/store/drkixdcr3rfizf0addf1wqk8ibdlfpcv-pre-commit-4.0.1",
              "default": true
            },
            {
              "name": "dist",
              "path": "/nix/store/vzndqfsv7n7hk8mqg4izha0v6ibpbj36-pre-commit-4.0.1-dist"
            }
          ],
          "store_path": "/nix/store/drkixdcr3rfizf0addf1wqk8ibdlfpcv-pre-commit-4.0.1"
        },
        "aarch64-linux": {
          "outputs": [
            {
              "name": "out",
              "path": "/nix/store/g4c3ikai8nf8y5lad76h8rrfh8pb7swh-pre-commit-4.0.1",
              "default": true
            },
            {
              "name": "dist",
              "path": "/nix/store/bm8mbzrv1xgmfkn0zvz2gpd3xmnwy0q1-pre-commit-4.0.1-dist"
            }
          ],
          "store_path": "/nix/store/g4c3ikai8nf8y5lad76h8rrfh8pb7swh-pre-commit-4.0.1"
        },
        "x86_64-darwin": {
          "outputs": [
            {
              "name": "out",
              "path": "/nix/store/dr3ilsics80kklfpnag4f1bqp8gk25gr-pre-commit-4.0.1",
              "default": true
            },
            {
              "name": "dist",
              "path": "/nix/store/1f8a71sf8v7bvx7igcfjxcp1x3b1q4qq-pre-commit-4.0.1-dist"
            }
          ],
          "store_path": "/nix/store/dr3ilsics80kklfpnag4f1bqp8gk25gr-pre-commit-4.0.1"
        },
        "x86_64-linux": {
          "outputs": [
            {
              "name": "out",
              "path": "/nix/store/1grwmkj3qf897wgxycyymip87i9cvk29-pre-commit-4.0.1",
              "default": true
            },
            {
              "name": "dist",
              "path": "/nix/store/r3sk0c7i1z1mpjlh02mnx36k42nsb4rc-pre-commit-4.0.1-dist"
            }
          ],
          "store_path": "/nix/store/1grwmkj3qf897wgxycyymip87i9cvk29-pre-commit-4.0.1"
        }
      }
    },
    "python312Packages.ruamel-yaml@latest": {
      "last_modified": "2025-07-13T22:45:35Z",
      "resolved": "github:NixOS/nixpkgs/a421ac6595024edcfbb1ef950a3712b89161c359#python312Packages.ruamel-yaml",
      "source": "devbox-search",
      "version": "0.18.10",
      "systems": {
        "aarch64-darwin": {
          "outputs": [
            {
              "name": "out",
              "path": "/nix/store/i6wdpryfxfa1rbn59jpacis0kn61k6rm-python3.12-ruamel-yaml-0.18.10",
              "default": true
            },
            {
              "name": "dist",
              "path": "/nix/store/2alnignmx14h7gr7ns9b05zrfyd06j58-python3.12-ruamel-yaml-0.18.10-dist"
            }
          ],
          "store_path": "/nix/store/i6wdpryfxfa1rbn59jpacis0kn61k6rm-python3.12-ruamel-yaml-0.18.10"
        },
        "aarch64-linux": {
          "outputs": [
            {
              "name": "out",
              "path": "/nix/store/1gsa06ap2p1hm4ncsr8mxbwplq8fgq76-python3.12-ruamel-yaml-0.18.10",
              "default": true
            },
            {
              "name": "dist",
              "path": "/nix/store/gry5r7j5057i6qbg3h66b785ik7gq5ly-python3.12-ruamel-yaml-0.18.10-dist"
            }
          ],
          "store_path": "/nix/store/1gsa06ap2p1hm4ncsr8mxbwplq8fgq76-python3.12-ruamel-yaml-0.18.10"
        },
        "x86_64-darwin": {
          "outputs": [
            {
              "name": "out",
              "path": "/nix/store/06vl0rajm5gkdnvj048yrpf5c1c79p52-python3.12-ruamel-yaml-0.18.10",
              "default": true
            },
            {
              "name": "dist",
              "path": "/nix/store/1qzncgxrimbc7f1076xhrr6lxhn09i0b-python3.12-ruamel-yaml-0.18.10-dist"
            }
          ],
          "store_path": "/nix/store/06vl0rajm5gkdnvj048yrpf5c1c79p52-python3.12-ruamel-yaml-0.18.10"
        },
        "x86_64-linux": {
          "outputs": [
            {
              "name": "out",
              "path": "/nix/store/47cmigrn1jqxa5chxi036qnbgksvb376-python3.12-ruamel-yaml-0.18.10",
              "default": true
            },
            {
              "name": "dist",
              "path": "/nix/store/4wjrs3qzavqsk9sfjakj4007pw0rfna9-python3.12-ruamel-yaml-0.18.10-dist"
            }
          ],
          "store_path": "/nix/store/47cmigrn1jqxa5chxi036qnbgksvb376-python3.12-ruamel-yaml-0.18.10"
        }
      }
    },
    "sops@latest": {
      "last_modified": "2025-11-23T21:50:36Z",
      "resolved": "github:NixOS/nixpkgs/ee09932cedcef15aaf476f9343d1dea2cb77e261#sops",
      "source": "devbox-search",
      "version": "3.11.0",
      "systems": {
        "aarch64-darwin": {
          "outputs": [
            {
              "name": "out",
              "path": "/nix/store/pnqy3wnpf4qx451dia2s54xl047fhyng-sops-3.11.0",
              "default": true
            }
          ],
          "store_path": "/nix/store/pnqy3wnpf4qx451dia2s54xl047fhyng-sops-3.11.0"
        },
        "aarch64-linux": {
          "outputs": [
            {
              "name": "out",
              "path": "/nix/store/kizxykq45gg1y81pclavg0h8cg9y70na-sops-3.11.0",
              "default": true
            }
          ],
          "store_path": "/nix/store/kizxykq45gg1y81pclavg0h8cg9y70na-sops-3.11.0"
        },
        "x86_64-darwin": {
          "outputs": [
            {
              "name": "out",
              "path": "/nix/store/1lhv618ylh4w9rq2ax0r3ggy9c526gah-sops-3.11.0",
              "default": true
            }
          ],
          "store_path": "/nix/store/1lhv618ylh4w9rq2ax0r3ggy9c526gah-sops-3.11.0"
        },
        "x86_64-linux": {
          "outputs": [
            {
              "name": "out",
              "path": "/nix/store/mc0z6fk8npa3i4ag8znwiy26yrvmiibp-sops-3.11.0",
              "default": true
            }
          ],
          "store_path": "/nix/store/mc0z6fk8npa3i4ag8znwiy26yrvmiibp-sops-3.11.0"
        }
      }
    },
    "velero@1.15.2": {
      "last_modified": "2025-04-17T05:47:26Z",
      "resolved": "github:NixOS/nixpkgs/ebe4301cbd8f81c4f8d3244b3632338bbeb6d49c#velero",
      "source": "devbox-search",
      "version": "1.15.2",
      "systems": {
        "aarch64-darwin": {
          "outputs": [
            {
              "name": "out",
              "path": "/nix/store/mdk58zfd95ajwhb696n9ghcrggkfkl6w-velero-1.15.2",
              "default": true
            }
          ],
          "store_path": "/nix/store/mdk58zfd95ajwhb696n9ghcrggkfkl6w-velero-1.15.2"
        },
        "aarch64-linux": {
          "outputs": [
            {
              "name": "out",
              "path": "/nix/store/pfxm1864spcz0gpk8xpnx1zlzg091286-velero-1.15.2",
              "default": true
            }
          ],
          "store_path": "/nix/store/pfxm1864spcz0gpk8xpnx1zlzg091286-velero-1.15.2"
        },
        "x86_64-darwin": {
          "outputs": [
            {
              "name": "out",
              "path": "/nix/store/f1k04rpf2lx3pk9aq5ik82lxa7lrwf7z-velero-1.15.2",
              "default": true
            }
          ],
          "store_path": "/nix/store/f1k04rpf2lx3pk9aq5ik82lxa7lrwf7z-velero-1.15.2"
        },
        "x86_64-linux": {
          "outputs": [
            {
              "name": "out",
              "path": "/nix/store/bvjqxfca50ihcsdfs19h2164fcsi651v-velero-1.15.2",
              "default": true
            }
          ],
          "store_path": "/nix/store/bvjqxfca50ihcsdfs19h2164fcsi651v-velero-1.15.2"
        }
      }
    }
  }
}
