{
  "lockfile_version": "1",
  "packages": {
    "age@1.3.1": {
      "last_modified": "2026-05-21T08:15:18Z",
      "resolved": "github:NixOS/nixpkgs/4a29d733e8a7d5b824c3d8c958a946a9867b3eb2#age",
      "source": "devbox-search",
      "version": "1.3.1",
      "systems": {
        "aarch64-darwin": {
          "outputs": [
            {
              "name": "out",
              "path": "/nix/store/inpnmna2i94z1ghgc93gk75kj2cdylwa-age-1.3.1",
              "default": true
            }
          ],
          "store_path": "/nix/store/inpnmna2i94z1ghgc93gk75kj2cdylwa-age-1.3.1"
        },
        "aarch64-linux": {
          "outputs": [
            {
              "name": "out",
              "path": "/nix/store/04p6xzl2z72l8x4krc2d0k36q75nwf3b-age-1.3.1",
              "default": true
            }
          ],
          "store_path": "/nix/store/04p6xzl2z72l8x4krc2d0k36q75nwf3b-age-1.3.1"
        },
        "x86_64-darwin": {
          "outputs": [
            {
              "name": "out",
              "path": "/nix/store/cdygbadz3pjr9arakaldh5hph1s8a47l-age-1.3.1",
              "default": true
            }
          ],
          "store_path": "/nix/store/cdygbadz3pjr9arakaldh5hph1s8a47l-age-1.3.1"
        },
        "x86_64-linux": {
          "outputs": [
            {
              "name": "out",
              "path": "/nix/store/ipcrbbd4c60cdf5wrx5zw6z3a8f0p4cp-age-1.3.1",
              "default": true
            }
          ],
          "store_path": "/nix/store/ipcrbbd4c60cdf5wrx5zw6z3a8f0p4cp-age-1.3.1"
        }
      }
    },
    "fluxcd@2.8.8": {
      "last_modified": "2026-05-25T07:42:19Z",
      "resolved": "github:NixOS/nixpkgs/f9d8b65950353691ab56561e7c73d2e1063d810b#fluxcd",
      "source": "devbox-search",
      "version": "2.8.8",
      "systems": {
        "aarch64-darwin": {
          "outputs": [
            {
              "name": "out",
              "path": "/nix/store/0pa2ggbgnm827wcxxknmwhwlb36nz3r4-fluxcd-2.8.8",
              "default": true
            }
          ],
          "store_path": "/nix/store/0pa2ggbgnm827wcxxknmwhwlb36nz3r4-fluxcd-2.8.8"
        },
        "aarch64-linux": {
          "outputs": [
            {
              "name": "out",
              "path": "/nix/store/5yip23aqwfjz4zpffx8n47ww5fx3h1dr-fluxcd-2.8.8",
              "default": true
            }
          ],
          "store_path": "/nix/store/5yip23aqwfjz4zpffx8n47ww5fx3h1dr-fluxcd-2.8.8"
        },
        "x86_64-darwin": {
          "outputs": [
            {
              "name": "out",
              "path": "/nix/store/q8l13w4842dmgba38y29l69j36gmybfd-fluxcd-2.8.8",
              "default": true
            }
          ],
          "store_path": "/nix/store/q8l13w4842dmgba38y29l69j36gmybfd-fluxcd-2.8.8"
        },
        "x86_64-linux": {
          "outputs": [
            {
              "name": "out",
              "path": "/nix/store/b2xz7037a0ifm78hrwans537rrcs1lgx-fluxcd-2.8.8",
              "default": true
            }
          ],
          "store_path": "/nix/store/b2xz7037a0ifm78hrwans537rrcs1lgx-fluxcd-2.8.8"
        }
      }
    },
    "github:NixOS/nixpkgs/nixpkgs-unstable": {
      "last_modified": "2025-07-19T04:40:28Z",
      "resolved": "github:NixOS/nixpkgs/6b4955211758ba47fac850c040a27f23b9b4008f?lastModified=1752900028&narHash=sha256-dPALCtmik9Wr14MGqVXm%2BOQcv7vhPBXcWNIOThGnB%2FQ%3D"
    },
    "grafanactl@0.1.10": {
      "last_modified": "2026-05-21T08:15:18Z",
      "resolved": "github:NixOS/nixpkgs/4a29d733e8a7d5b824c3d8c958a946a9867b3eb2#grafanactl",
      "source": "devbox-search",
      "version": "0.1.10",
      "systems": {
        "aarch64-darwin": {
          "outputs": [
            {
              "name": "out",
              "path": "/nix/store/1hv9g8mjpd9jfvrqgh2dinqyn1s7d5an-grafanactl-0.1.10",
              "default": true
            }
          ],
          "store_path": "/nix/store/1hv9g8mjpd9jfvrqgh2dinqyn1s7d5an-grafanactl-0.1.10"
        },
        "aarch64-linux": {
          "outputs": [
            {
              "name": "out",
              "path": "/nix/store/jd3d4mxl2vqxlvmnkccqs9rw16zh3ci8-grafanactl-0.1.10",
              "default": true
            }
          ],
          "store_path": "/nix/store/jd3d4mxl2vqxlvmnkccqs9rw16zh3ci8-grafanactl-0.1.10"
        },
        "x86_64-darwin": {
          "outputs": [
            {
              "name": "out",
              "path": "/nix/store/0341gdamjnh5dfn4yjgxl9xmmm5x5c84-grafanactl-0.1.10",
              "default": true
            }
          ],
          "store_path": "/nix/store/0341gdamjnh5dfn4yjgxl9xmmm5x5c84-grafanactl-0.1.10"
        },
        "x86_64-linux": {
          "outputs": [
            {
              "name": "out",
              "path": "/nix/store/kmpfbmpnmpqzrla68mipvhrwgf2qm1n1-grafanactl-0.1.10",
              "default": true
            }
          ],
          "store_path": "/nix/store/kmpfbmpnmpqzrla68mipvhrwgf2qm1n1-grafanactl-0.1.10"
        }
      }
    },
    "k9s@0.50.18": {
      "last_modified": "2026-05-21T08:15:18Z",
      "resolved": "github:NixOS/nixpkgs/4a29d733e8a7d5b824c3d8c958a946a9867b3eb2#k9s",
      "source": "devbox-search",
      "version": "0.50.18",
      "systems": {
        "aarch64-darwin": {
          "outputs": [
            {
              "name": "out",
              "path": "/nix/store/f7d0zgxga1wv8r2w9nlqg9ac69kb4ks9-k9s-0.50.18",
              "default": true
            }
          ],
          "store_path": "/nix/store/f7d0zgxga1wv8r2w9nlqg9ac69kb4ks9-k9s-0.50.18"
        },
        "aarch64-linux": {
          "outputs": [
            {
              "name": "out",
              "path": "/nix/store/gvjyydspznhh9vmn7a5ammsi8vlvl0a3-k9s-0.50.18",
              "default": true
            }
          ],
          "store_path": "/nix/store/gvjyydspznhh9vmn7a5ammsi8vlvl0a3-k9s-0.50.18"
        },
        "x86_64-darwin": {
          "outputs": [
            {
              "name": "out",
              "path": "/nix/store/q93a0wkj711xg2agrsax6xylb1hfy64w-k9s-0.50.18",
              "default": true
            }
          ],
          "store_path": "/nix/store/q93a0wkj711xg2agrsax6xylb1hfy64w-k9s-0.50.18"
        },
        "x86_64-linux": {
          "outputs": [
            {
              "name": "out",
              "path": "/nix/store/j7q6sz0f15kzli0i77p0f020107dcvs1-k9s-0.50.18",
              "default": true
            }
          ],
          "store_path": "/nix/store/j7q6sz0f15kzli0i77p0f020107dcvs1-k9s-0.50.18"
        }
      }
    },
    "kubeconform@0.7.0": {
      "last_modified": "2026-05-21T08:15:18Z",
      "resolved": "github:NixOS/nixpkgs/4a29d733e8a7d5b824c3d8c958a946a9867b3eb2#kubeconform",
      "source": "devbox-search",
      "version": "0.7.0",
      "systems": {
        "aarch64-darwin": {
          "outputs": [
            {
              "name": "out",
              "path": "/nix/store/1ws7jgv8zaq1akz784hqic101dm4fqj5-kubeconform-0.7.0",
              "default": true
            }
          ],
          "store_path": "/nix/store/1ws7jgv8zaq1akz784hqic101dm4fqj5-kubeconform-0.7.0"
        },
        "aarch64-linux": {
          "outputs": [
            {
              "name": "out",
              "path": "/nix/store/kwfysxzgd900mfshgywz2kngwnj2zpmq-kubeconform-0.7.0",
              "default": true
            }
          ],
          "store_path": "/nix/store/kwfysxzgd900mfshgywz2kngwnj2zpmq-kubeconform-0.7.0"
        },
        "x86_64-darwin": {
          "outputs": [
            {
              "name": "out",
              "path": "/nix/store/hq6q4jgrp9f439s04bk33vdbw1bv8hb4-kubeconform-0.7.0",
              "default": true
            }
          ],
          "store_path": "/nix/store/hq6q4jgrp9f439s04bk33vdbw1bv8hb4-kubeconform-0.7.0"
        },
        "x86_64-linux": {
          "outputs": [
            {
              "name": "out",
              "path": "/nix/store/y6a5325wchhyfsxnxjl5biyy41hqz01w-kubeconform-0.7.0",
              "default": true
            }
          ],
          "store_path": "/nix/store/y6a5325wchhyfsxnxjl5biyy41hqz01w-kubeconform-0.7.0"
        }
      }
    },
    "kubectl@1.36.1": {
      "last_modified": "2026-05-21T08:15:18Z",
      "resolved": "github:NixOS/nixpkgs/4a29d733e8a7d5b824c3d8c958a946a9867b3eb2#kubectl",
      "source": "devbox-search",
      "version": "1.36.1",
      "systems": {
        "aarch64-darwin": {
          "outputs": [
            {
              "name": "out",
              "path": "/nix/store/bayrw2infwx1kwsm7sbl7w7a4irb9xik-kubectl-1.36.1",
              "default": true
            },
            {
              "name": "man",
              "path": "/nix/store/4dncnmrgkz3cym4yyyfm0v8ajd98ij4k-kubectl-1.36.1-man",
              "default": true
            },
            {
              "name": "convert",
              "path": "/nix/store/7k4n6fpadgmd0is7az9snbmilv4igzcl-kubectl-1.36.1-convert"
            }
          ],
          "store_path": "/nix/store/bayrw2infwx1kwsm7sbl7w7a4irb9xik-kubectl-1.36.1"
        },
        "aarch64-linux": {
          "outputs": [
            {
              "name": "out",
              "path": "/nix/store/fjdhpd9i7122m1y1pvcpdalgspxmbald-kubectl-1.36.1",
              "default": true
            },
            {
              "name": "man",
              "path": "/nix/store/yq1yk6mx67s5m752xjr2yl6c1axkgqh1-kubectl-1.36.1-man",
              "default": true
            },
            {
              "name": "convert",
              "path": "/nix/store/kac9kz46wfklva8f850mshsdn8g4w4ps-kubectl-1.36.1-convert"
            }
          ],
          "store_path": "/nix/store/fjdhpd9i7122m1y1pvcpdalgspxmbald-kubectl-1.36.1"
        },
        "x86_64-darwin": {
          "outputs": [
            {
              "name": "out",
              "path": "/nix/store/d62il2034cjb2nfpvmfq31xr1mc4f3f1-kubectl-1.36.1",
              "default": true
            },
            {
              "name": "man",
              "path": "/nix/store/vlvri51s9l4dhi9v606arnbskd8ppsnr-kubectl-1.36.1-man",
              "default": true
            },
            {
              "name": "convert",
              "path": "/nix/store/pagdn4glxvcin2jdvfr4s2jmv5sf7b8v-kubectl-1.36.1-convert"
            }
          ],
          "store_path": "/nix/store/d62il2034cjb2nfpvmfq31xr1mc4f3f1-kubectl-1.36.1"
        },
        "x86_64-linux": {
          "outputs": [
            {
              "name": "out",
              "path": "/nix/store/hpxrpfnk0cdij0vwq0djimy9dcjl22vd-kubectl-1.36.1",
              "default": true
            },
            {
              "name": "man",
              "path": "/nix/store/wln7k2l3lglmzmaxc5s3ycbzdc793vdv-kubectl-1.36.1-man",
              "default": true
            },
            {
              "name": "convert",
              "path": "/nix/store/pajisc6xx344n31bklar8r04a395x7ws-kubectl-1.36.1-convert"
            }
          ],
          "store_path": "/nix/store/hpxrpfnk0cdij0vwq0djimy9dcjl22vd-kubectl-1.36.1"
        }
      }
    },
    "kubernetes-helm-wrapped@3.20.2": {
      "last_modified": "2026-05-21T08:15:18Z",
      "resolved": "github:NixOS/nixpkgs/4a29d733e8a7d5b824c3d8c958a946a9867b3eb2#kubernetes-helm-wrapped",
      "source": "devbox-search",
      "version": "3.20.2",
      "systems": {
        "aarch64-darwin": {
          "outputs": [
            {
              "name": "out",
              "path": "/nix/store/9qk6hf1f963yp71i7msx0s934w1bgfbk-helm-3.20.2",
              "default": true
            }
          ],
          "store_path": "/nix/store/9qk6hf1f963yp71i7msx0s934w1bgfbk-helm-3.20.2"
        },
        "aarch64-linux": {
          "outputs": [
            {
              "name": "out",
              "path": "/nix/store/ma5p9bsqmn038jw4sviwhdxzl93jqrrx-helm-3.20.2",
              "default": true
            }
          ],
          "store_path": "/nix/store/ma5p9bsqmn038jw4sviwhdxzl93jqrrx-helm-3.20.2"
        },
        "x86_64-darwin": {
          "outputs": [
            {
              "name": "out",
              "path": "/nix/store/bwx3i4pngjk0dkn3m6xg5f38947s3q62-helm-3.20.2",
              "default": true
            }
          ],
          "store_path": "/nix/store/bwx3i4pngjk0dkn3m6xg5f38947s3q62-helm-3.20.2"
        },
        "x86_64-linux": {
          "outputs": [
            {
              "name": "out",
              "path": "/nix/store/0d96r99smckhsqifjp162azgi95piiyj-helm-3.20.2",
              "default": true
            }
          ],
          "store_path": "/nix/store/0d96r99smckhsqifjp162azgi95piiyj-helm-3.20.2"
        }
      }
    },
    "kustomize@5.8.1": {
      "last_modified": "2026-05-21T08:15:18Z",
      "resolved": "github:NixOS/nixpkgs/4a29d733e8a7d5b824c3d8c958a946a9867b3eb2#kustomize",
      "source": "devbox-search",
      "version": "5.8.1",
      "systems": {
        "aarch64-darwin": {
          "outputs": [
            {
              "name": "out",
              "path": "/nix/store/lvcamdlv30ih4shw980f24k72i6xkjch-kustomize-5.8.1",
              "default": true
            }
          ],
          "store_path": "/nix/store/lvcamdlv30ih4shw980f24k72i6xkjch-kustomize-5.8.1"
        },
        "aarch64-linux": {
          "outputs": [
            {
              "name": "out",
              "path": "/nix/store/i87rxk5v2962irv68z329byqd74n2hj1-kustomize-5.8.1",
              "default": true
            }
          ],
          "store_path": "/nix/store/i87rxk5v2962irv68z329byqd74n2hj1-kustomize-5.8.1"
        },
        "x86_64-darwin": {
          "outputs": [
            {
              "name": "out",
              "path": "/nix/store/c7qpjbmqx9mgy1pk9hyh1kw3gq3xsxin-kustomize-5.8.1",
              "default": true
            }
          ],
          "store_path": "/nix/store/c7qpjbmqx9mgy1pk9hyh1kw3gq3xsxin-kustomize-5.8.1"
        },
        "x86_64-linux": {
          "outputs": [
            {
              "name": "out",
              "path": "/nix/store/yzhbrw30dn2mgzy4yag1ngxsqj0pvdrr-kustomize-5.8.1",
              "default": true
            }
          ],
          "store_path": "/nix/store/yzhbrw30dn2mgzy4yag1ngxsqj0pvdrr-kustomize-5.8.1"
        }
      }
    },
    "lychee@0.24.1": {
      "last_modified": "2026-05-21T08:15:18Z",
      "resolved": "github:NixOS/nixpkgs/4a29d733e8a7d5b824c3d8c958a946a9867b3eb2#lychee",
      "source": "devbox-search",
      "version": "0.24.1",
      "systems": {
        "aarch64-darwin": {
          "outputs": [
            {
              "name": "out",
              "path": "/nix/store/m099664inhzl6rn7dk96ijrv7h1i522p-lychee-0.24.1",
              "default": true
            }
          ],
          "store_path": "/nix/store/m099664inhzl6rn7dk96ijrv7h1i522p-lychee-0.24.1"
        },
        "aarch64-linux": {
          "outputs": [
            {
              "name": "out",
              "path": "/nix/store/mmsjppwzcj99habw7zvsrhwncgchy3v8-lychee-0.24.1",
              "default": true
            }
          ],
          "store_path": "/nix/store/mmsjppwzcj99habw7zvsrhwncgchy3v8-lychee-0.24.1"
        },
        "x86_64-darwin": {
          "outputs": [
            {
              "name": "out",
              "path": "/nix/store/52vri6d0mbcfgzddy0z1q9dqi7lqqjd9-lychee-0.24.1",
              "default": true
            }
          ],
          "store_path": "/nix/store/52vri6d0mbcfgzddy0z1q9dqi7lqqjd9-lychee-0.24.1"
        },
        "x86_64-linux": {
          "outputs": [
            {
              "name": "out",
              "path": "/nix/store/g9a7rassr43yn5pf96xqi5ac3mhbdcp7-lychee-0.24.1",
              "default": true
            }
          ],
          "store_path": "/nix/store/g9a7rassr43yn5pf96xqi5ac3mhbdcp7-lychee-0.24.1"
        }
      }
    },
    "oci-cli@3.85.0": {
      "last_modified": "2026-06-08T15:01:26Z",
      "resolved": "github:NixOS/nixpkgs/8c3cede7ddc26bd659d2d383b5610efbd2c7a16e#oci-cli",
      "source": "devbox-search",
      "version": "3.85.0",
      "systems": {
        "aarch64-darwin": {
          "outputs": [
            {
              "name": "out",
              "path": "/nix/store/5sdrkvbbl6whbj97qnsjwsrb6w0jggdb-oci-cli-3.85.0",
              "default": true
            },
            {
              "name": "dist",
              "path": "/nix/store/632cwrck595cx25prdxhcazz1c9nb64a-oci-cli-3.85.0-dist"
            }
          ],
          "store_path": "/nix/store/5sdrkvbbl6whbj97qnsjwsrb6w0jggdb-oci-cli-3.85.0"
        },
        "aarch64-linux": {
          "outputs": [
            {
              "name": "out",
              "path": "/nix/store/zgzkb89170vb5jxwbj8jzcz0zc4qwq9j-oci-cli-3.85.0",
              "default": true
            },
            {
              "name": "dist",
              "path": "/nix/store/3fz9vpcvcfqq4ih860mv0q4jjzy4bpw1-oci-cli-3.85.0-dist"
            }
          ],
          "store_path": "/nix/store/zgzkb89170vb5jxwbj8jzcz0zc4qwq9j-oci-cli-3.85.0"
        },
        "x86_64-darwin": {
          "outputs": [
            {
              "name": "out",
              "path": "/nix/store/dbfg33msgdhb1hh0m5qb9fn012mdvrvh-oci-cli-3.85.0",
              "default": true
            },
            {
              "name": "dist",
              "path": "/nix/store/349cflj0y98sckipzpny8b6h0fzh1wl0-oci-cli-3.85.0-dist"
            }
          ],
          "store_path": "/nix/store/dbfg33msgdhb1hh0m5qb9fn012mdvrvh-oci-cli-3.85.0"
        },
        "x86_64-linux": {
          "outputs": [
            {
              "name": "out",
              "path": "/nix/store/krk527y587881fnwszlfamn3xcs59nsq-oci-cli-3.85.0",
              "default": true
            },
            {
              "name": "dist",
              "path": "/nix/store/dzxdkl2ycpb7qklvqpn5mg17b34y4ckc-oci-cli-3.85.0-dist"
            }
          ],
          "store_path": "/nix/store/krk527y587881fnwszlfamn3xcs59nsq-oci-cli-3.85.0"
        }
      }
    },
    "pre-commit@4.5.1": {
      "last_modified": "2026-05-21T08:15:18Z",
      "resolved": "github:NixOS/nixpkgs/4a29d733e8a7d5b824c3d8c958a946a9867b3eb2#pre-commit",
      "source": "devbox-search",
      "version": "4.5.1",
      "systems": {
        "aarch64-darwin": {
          "outputs": [
            {
              "name": "out",
              "path": "/nix/store/z3cca68620w0w10f090szgzdnmh1waf2-pre-commit-4.5.1",
              "default": true
            },
            {
              "name": "dist",
              "path": "/nix/store/qiycli9jv32a6ypxsspzhbraz24sh6ac-pre-commit-4.5.1-dist"
            }
          ],
          "store_path": "/nix/store/z3cca68620w0w10f090szgzdnmh1waf2-pre-commit-4.5.1"
        },
        "aarch64-linux": {
          "outputs": [
            {
              "name": "out",
              "path": "/nix/store/n981w6hjfar2l81kxbxs2wxl64vwa5kj-pre-commit-4.5.1",
              "default": true
            },
            {
              "name": "dist",
              "path": "/nix/store/k32gq33snjdfvxkhny1sj3q066x4z635-pre-commit-4.5.1-dist"
            }
          ],
          "store_path": "/nix/store/n981w6hjfar2l81kxbxs2wxl64vwa5kj-pre-commit-4.5.1"
        },
        "x86_64-darwin": {
          "outputs": [
            {
              "name": "out",
              "path": "/nix/store/irvx9bawyw89bbvblzvh90nnqy94j936-pre-commit-4.5.1",
              "default": true
            },
            {
              "name": "dist",
              "path": "/nix/store/02d24cai743fm1bkk7sa9xmp10kg40zz-pre-commit-4.5.1-dist"
            }
          ],
          "store_path": "/nix/store/irvx9bawyw89bbvblzvh90nnqy94j936-pre-commit-4.5.1"
        },
        "x86_64-linux": {
          "outputs": [
            {
              "name": "out",
              "path": "/nix/store/bj6i9vl34cij5h0r165y40hrjqak0bmz-pre-commit-4.5.1",
              "default": true
            },
            {
              "name": "dist",
              "path": "/nix/store/rxmwc33chn2j6cnprdhmim788bhxwdv9-pre-commit-4.5.1-dist"
            }
          ],
          "store_path": "/nix/store/bj6i9vl34cij5h0r165y40hrjqak0bmz-pre-commit-4.5.1"
        }
      }
    },
    "python312Packages.ruamel-yaml@0.18.14": {
      "last_modified": "2025-11-23T21:50:36Z",
      "resolved": "github:NixOS/nixpkgs/ee09932cedcef15aaf476f9343d1dea2cb77e261#python312Packages.ruamel-yaml",
      "source": "devbox-search",
      "version": "0.18.14",
      "systems": {
        "aarch64-darwin": {
          "outputs": [
            {
              "name": "out",
              "path": "/nix/store/x2h3fdxp43bs0hcfldz1iylfwmvqcvmz-python3.12-ruamel-yaml-0.18.14",
              "default": true
            },
            {
              "name": "dist",
              "path": "/nix/store/ida6xwnabkz1kh1r7xq8c6x0bndjrhbb-python3.12-ruamel-yaml-0.18.14-dist"
            }
          ],
          "store_path": "/nix/store/x2h3fdxp43bs0hcfldz1iylfwmvqcvmz-python3.12-ruamel-yaml-0.18.14"
        },
        "aarch64-linux": {
          "outputs": [
            {
              "name": "out",
              "path": "/nix/store/c6sc24zzwx39gh6cir67k8y815vfpyxd-python3.12-ruamel-yaml-0.18.14",
              "default": true
            },
            {
              "name": "dist",
              "path": "/nix/store/4fvqfqfl4i9ldyrbpy4dp9n52j7d0fr6-python3.12-ruamel-yaml-0.18.14-dist"
            }
          ],
          "store_path": "/nix/store/c6sc24zzwx39gh6cir67k8y815vfpyxd-python3.12-ruamel-yaml-0.18.14"
        },
        "x86_64-darwin": {
          "outputs": [
            {
              "name": "out",
              "path": "/nix/store/83rymzsx5mc7p7pr5ba03a1kazagqwj6-python3.12-ruamel-yaml-0.18.14",
              "default": true
            },
            {
              "name": "dist",
              "path": "/nix/store/ap4zlcqbzz6dprf163sm4fjbj2kmmf9q-python3.12-ruamel-yaml-0.18.14-dist"
            }
          ],
          "store_path": "/nix/store/83rymzsx5mc7p7pr5ba03a1kazagqwj6-python3.12-ruamel-yaml-0.18.14"
        },
        "x86_64-linux": {
          "outputs": [
            {
              "name": "out",
              "path": "/nix/store/86cqv5i9li28hsw4zym9sagv69g2kypf-python3.12-ruamel-yaml-0.18.14",
              "default": true
            },
            {
              "name": "dist",
              "path": "/nix/store/36dkl99jzkqr4iqils12hwyngbrp6px4-python3.12-ruamel-yaml-0.18.14-dist"
            }
          ],
          "store_path": "/nix/store/86cqv5i9li28hsw4zym9sagv69g2kypf-python3.12-ruamel-yaml-0.18.14"
        }
      }
    },
    "sops@3.13.1": {
      "last_modified": "2026-05-21T08:15:18Z",
      "resolved": "github:NixOS/nixpkgs/4a29d733e8a7d5b824c3d8c958a946a9867b3eb2#sops",
      "source": "devbox-search",
      "version": "3.13.1",
      "systems": {
        "aarch64-darwin": {
          "outputs": [
            {
              "name": "out",
              "path": "/nix/store/j433ly18f1787pxcwv7kk3jg9h9rcq13-sops-3.13.1",
              "default": true
            }
          ],
          "store_path": "/nix/store/j433ly18f1787pxcwv7kk3jg9h9rcq13-sops-3.13.1"
        },
        "aarch64-linux": {
          "outputs": [
            {
              "name": "out",
              "path": "/nix/store/pj10jlcdgx8239613lphflqqjcxnr26v-sops-3.13.1",
              "default": true
            }
          ],
          "store_path": "/nix/store/pj10jlcdgx8239613lphflqqjcxnr26v-sops-3.13.1"
        },
        "x86_64-darwin": {
          "outputs": [
            {
              "name": "out",
              "path": "/nix/store/gnz4qz85gim63730wdc4nk9zra8kcjrm-sops-3.13.1",
              "default": true
            }
          ],
          "store_path": "/nix/store/gnz4qz85gim63730wdc4nk9zra8kcjrm-sops-3.13.1"
        },
        "x86_64-linux": {
          "outputs": [
            {
              "name": "out",
              "path": "/nix/store/yzsjydzzq2vza6l136879f5cwn3ni2d5-sops-3.13.1",
              "default": true
            }
          ],
          "store_path": "/nix/store/yzsjydzzq2vza6l136879f5cwn3ni2d5-sops-3.13.1"
        }
      }
    },
    "velero@1.18.0": {
      "last_modified": "2026-05-21T08:15:18Z",
      "resolved": "github:NixOS/nixpkgs/4a29d733e8a7d5b824c3d8c958a946a9867b3eb2#velero",
      "source": "devbox-search",
      "version": "1.18.0",
      "systems": {
        "aarch64-darwin": {
          "outputs": [
            {
              "name": "out",
              "path": "/nix/store/jpzyznkw8fp7kyv7nl0ffccfqk5lkqs2-velero-1.18.0",
              "default": true
            }
          ],
          "store_path": "/nix/store/jpzyznkw8fp7kyv7nl0ffccfqk5lkqs2-velero-1.18.0"
        },
        "aarch64-linux": {
          "outputs": [
            {
              "name": "out",
              "path": "/nix/store/6lq4q0k3c0slxwwlzxsyfzpib1fp7dr1-velero-1.18.0",
              "default": true
            }
          ],
          "store_path": "/nix/store/6lq4q0k3c0slxwwlzxsyfzpib1fp7dr1-velero-1.18.0"
        },
        "x86_64-darwin": {
          "outputs": [
            {
              "name": "out",
              "path": "/nix/store/vaaknrb2v94rgxm8pr2hw82ndbrbmxlm-velero-1.18.0",
              "default": true
            }
          ],
          "store_path": "/nix/store/vaaknrb2v94rgxm8pr2hw82ndbrbmxlm-velero-1.18.0"
        },
        "x86_64-linux": {
          "outputs": [
            {
              "name": "out",
              "path": "/nix/store/858v1m5ma4yx5f13rzccc28cw44b9r3a-velero-1.18.0",
              "default": true
            }
          ],
          "store_path": "/nix/store/858v1m5ma4yx5f13rzccc28cw44b9r3a-velero-1.18.0"
        }
      }
    }
  }
}
